
Microsoft Visual Studio Solution File, Format Version 12.00
# Visual Studio 14
VisualStudioVersion = 14.0.23107.0
MinimumVisualStudioVersion = 10.0.40219.1
Project("{FAE04EC0-301F-11D3-BF4B-00C04F79EFBC}") = "Server", "Server\Server.csproj", "{0A65FAB1-89E8-4EE6-8348-998DD8E33401}"
EndProject
Project("{2150E333-8FDC-42A3-9474-1A3956D46DE8}") = "PublishScripts", "PublishScripts", "{D762E08D-A2D5-4AE7-BEEA-0B156EBB2152}"
	ProjectSection(SolutionItems) = preProject
		PublishScripts\AzureVMPublishModule.psm1 = PublishScripts\AzureVMPublishModule.psm1
		PublishScripts\Publish-WebApplicationVM.ps1 = PublishScripts\Publish-WebApplicationVM.ps1
	EndProjectSection
EndProject
Project("{2150E333-8FDC-42A3-9474-1A3956D46DE8}") = "Configurations", "Configurations", "{A1902B86-B99E-4083-99BF-FA20F7A19523}"
	ProjectSection(SolutionItems) = preProject
		PublishScripts\Configurations\Server-WAWS-dev.json = PublishScripts\Configurations\Server-WAWS-dev.json
	EndProjectSection
EndProject
Global
	GlobalSection(SolutionConfigurationPlatforms) = preSolution
		Debug|Any CPU = Debug|Any CPU
		Release|Any CPU = Release|Any CPU
	EndGlobalSection
	GlobalSection(ProjectConfigurationPlatforms) = postSolution
		{0A65FAB1-89E8-4EE6-8348-998DD8E33401}.Debug|Any CPU.ActiveCfg = Debug|Any CPU
		{0A65FAB1-89E8-4EE6-8348-998DD8E33401}.Debug|Any CPU.Build.0 = Debug|Any CPU
		{0A65FAB1-89E8-4EE6-8348-998DD8E33401}.Release|Any CPU.ActiveCfg = Release|Any CPU
		{0A65FAB1-89E8-4EE6-8348-998DD8E33401}.Release|Any CPU.Build.0 = Release|Any CPU
	EndGlobalSection
	GlobalSection(SolutionProperties) = preSolution
		HideSolutionNode = FALSE
	EndGlobalSection
	GlobalSection(NestedProjects) = preSolution
		{A1902B86-B99E-4083-99BF-FA20F7A19523} = {D762E08D-A2D5-4AE7-BEEA-0B156EBB2152}
	EndGlobalSection
EndGlobal
